
Microsoft Visual Studio Solution File, Format Version 12.00
# Visual Studio Version 16
VisualStudioVersion = 16.0.30804.86
MinimumVisualStudioVersion = 15.0.26124.0
Project("{9A19103F-16F7-4668-BE54-9A1E7A4F7556}") = "API", "API\API.csproj", "{D32780AC-BB76-484A-9084-649836F0C4CF}"
EndProject
Project("{FAE04EC0-301F-11D3-BF4B-00C04F79EFBC}") = "API.Core", "API.Core\API.Core.csproj", "{61FA48DC-35E8-4EC8-95E0-6AD67CBEDE91}"
EndProject
Project("{FAE04EC0-301F-11D3-BF4B-00C04F79EFBC}") = "API.Infrastructure", "API.Infrastructure\API.Infrastructure.csproj", "{571D308A-21E6-42D4-911D-D1CA8D288458}"
EndProject
Global
	GlobalSection(SolutionConfigurationPlatforms) = preSolution
		Debug|Any CPU = Debug|Any CPU
		Debug|x64 = Debug|x64
		Debug|x86 = Debug|x86
		Release|Any CPU = Release|Any CPU
		Release|x64 = Release|x64
		Release|x86 = Release|x86
	EndGlobalSection
	GlobalSection(ProjectConfigurationPlatforms) = postSolution
		{D32780AC-BB76-484A-9084-649836F0C4CF}.Debug|Any CPU.ActiveCfg = Debug|Any CPU
		{D32780AC-BB76-484A-9084-649836F0C4CF}.Debug|Any CPU.Build.0 = Debug|Any CPU
		{D32780AC-BB76-484A-9084-649836F0C4CF}.Debug|x64.ActiveCfg = Debug|Any CPU
		{D32780AC-BB76-484A-9084-649836F0C4CF}.Debug|x64.Build.0 = Debug|Any CPU
		{D32780AC-BB76-484A-9084-649836F0C4CF}.Debug|x86.ActiveCfg = Debug|Any CPU
		{D32780AC-BB76-484A-9084-649836F0C4CF}.Debug|x86.Build.0 = Debug|Any CPU
		{D32780AC-BB76-484A-9084-649836F0C4CF}.Release|Any CPU.ActiveCfg = Release|Any CPU
		{D32780AC-BB76-484A-9084-649836F0C4CF}.Release|Any CPU.Build.0 = Release|Any CPU
		{D32780AC-BB76-484A-9084-649836F0C4CF}.Release|x64.ActiveCfg = Release|Any CPU
		{D32780AC-BB76-484A-9084-649836F0C4CF}.Release|x64.Build.0 = Release|Any CPU
		{D32780AC-BB76-484A-9084-649836F0C4CF}.Release|x86.ActiveCfg = Release|Any CPU
		{D32780AC-BB76-484A-9084-649836F0C4CF}.Release|x86.Build.0 = Release|Any CPU
		{61FA48DC-35E8-4EC8-95E0-6AD67CBEDE91}.Debug|Any CPU.ActiveCfg = Debug|Any CPU
		{61FA48DC-35E8-4EC8-95E0-6AD67CBEDE91}.Debug|Any CPU.Build.0 = Debug|Any CPU
		{61FA48DC-35E8-4EC8-95E0-6AD67CBEDE91}.Debug|x64.ActiveCfg = Debug|Any CPU
		{61FA48DC-35E8-4EC8-95E0-6AD67CBEDE91}.Debug|x64.Build.0 = Debug|Any CPU
		{61FA48DC-35E8-4EC8-95E0-6AD67CBEDE91}.Debug|x86.ActiveCfg = Debug|Any CPU
		{61FA48DC-35E8-4EC8-95E0-6AD67CBEDE91}.Debug|x86.Build.0 = Debug|Any CPU
		{61FA48DC-35E8-4EC8-95E0-6AD67CBEDE91}.Release|Any CPU.ActiveCfg = Release|Any CPU
		{61FA48DC-35E8-4EC8-95E0-6AD67CBEDE91}.Release|Any CPU.Build.0 = Release|Any CPU
		{61FA48DC-35E8-4EC8-95E0-6AD67CBEDE91}.Release|x64.ActiveCfg = Release|Any CPU
		{61FA48DC-35E8-4EC8-95E0-6AD67CBEDE91}.Release|x64.Build.0 = Release|Any CPU
		{61FA48DC-35E8-4EC8-95E0-6AD67CBEDE91}.Release|x86.ActiveCfg = Release|Any CPU
		{61FA48DC-35E8-4EC8-95E0-6AD67CBEDE91}.Release|x86.Build.0 = Release|Any CPU
		{571D308A-21E6-42D4-911D-D1CA8D288458}.Debug|Any CPU.ActiveCfg = Debug|Any CPU
		{571D308A-21E6-42D4-911D-D1CA8D288458}.Debug|Any CPU.Build.0 = Debug|Any CPU
		{571D308A-21E6-42D4-911D-D1CA8D288458}.Debug|x64.ActiveCfg = Debug|Any CPU
		{571D308A-21E6-42D4-911D-D1CA8D288458}.Debug|x64.Build.0 = Debug|Any CPU
		{571D308A-21E6-42D4-911D-D1CA8D288458}.Debug|x86.ActiveCfg = Debug|Any CPU
		{571D308A-21E6-42D4-911D-D1CA8D288458}.Debug|x86.Build.0 = Debug|Any CPU
		{571D308A-21E6-42D4-911D-D1CA8D288458}.Release|Any CPU.ActiveCfg = Release|Any CPU
		{571D308A-21E6-42D4-911D-D1CA8D288458}.Release|Any CPU.Build.0 = Release|Any CPU
		{571D308A-21E6-42D4-911D-D1CA8D288458}.Release|x64.ActiveCfg = Release|Any CPU
		{571D308A-21E6-42D4-911D-D1CA8D288458}.Release|x64.Build.0 = Release|Any CPU
		{571D308A-21E6-42D4-911D-D1CA8D288458}.Release|x86.ActiveCfg = Release|Any CPU
		{571D308A-21E6-42D4-911D-D1CA8D288458}.Release|x86.Build.0 = Release|Any CPU
	EndGlobalSection
	GlobalSection(SolutionProperties) = preSolution
		HideSolutionNode = FALSE
	EndGlobalSection
	GlobalSection(ExtensibilityGlobals) = postSolution
		SolutionGuid = {4ED83498-A90E-4D9A-9818-EBEEFB049A49}
	EndGlobalSection
EndGlobal
